github.com/hacash/chain v0.0.0-20240106023138-03c569ec569a h1:k73yghsTB3vz4vIESz7Gx/vRj/DuAnzFmG9RoFQSTOY=
github.com/hacash/chain v0.0.0-20240106023138-03c569ec569a/go.mod h1:20jmhKUsqCH6b6/yvWtBQmU3+9aaLoLelr4hqPW01A4=
github.com/hacash/core v0.0.0-20240229072247-425d0f2cff5a h1:TZGOy0R16VvsNq70ThBS6qUxiVnLCexK/PP+FLFXCLg=
github.com/hacash/core v0.0.0-20240229072247-425d0f2cff5a/go.mod h1:gWuO4D8hawmWHa19g8YLtiYFKNZnMt+4cDTkm8bgQhE=
github.com/hacash/miner v0.1.20 h1:6U6ZRxmBZ1e0XCSGrG3w7r9HTBQn8AJNFu8pqjemKqs=
github.com/hacash/miner v0.1.20/go.mod h1:ObwJcBErXEgtlwK9RoyNEhbi2G49smfoRh7IwYoX8fc=
github.com/hacash/mint v0.0.0-20240305151639-48af7a7cc3e8 h1:BMrnXb5JJO9YqKDKq+u2ijyiaE2AqUKvqtwWR5Nsx2U=
github.com/hacash/mint v0.0.0-20240305151639-48af7a7cc3e8/go.mod h1:7yDfZrvethhkCQ76zbSyeNTZf9Sm4lzW3rp3t2r4zCs=
github.com/hacash/node v0.0.0-20240119101613-2141869f4f1d h1:fseUIx2oJSkUGRNtgfKub1mj0j0iv+Tz9z3vypum6t4=
github.com/hacash/node v0.0.0-20240119101613-2141869f4f1d/go.mod h1:0K+ApuT0AXhRCGFp4ZtbQrxU3+Vw/YG9TZyD2Jp652Y=
github.com/hacash/service v0.0.0-20240330043310-0ce8c9c2fdda h1:tTAaPwZ2hxbvImDAOjX3RSojVHlpSBfqDkuSysGyQ/w=
github.com/hacash/service v0.0.0-20240330043310-0ce8c9c2fdda/go.mod h1:+KYbD/sKkTxqEZi56I2fCLgcw3Zs/eIopjCJbppJ5AY=
github.com/hacash/x16rs v0.0.0-20240313061053-337747f9cf21 h1:f2p01rgST1ogbFNRTPC7PKdOSKh2/EE1qkRNrGbxK2o=
github.com/hacash/x16rs v0.0.0-20240313061053-337747f9cf21/go.mod h1:METioMNJR2QDfUixmtpdBOsHoivFWY8R1JFwcQ9vlfk=
github.com/xfong/go2opencl v0.0.0-20170404053003-cce8d3f0116d h1:XM+9BbU8LmOoE2qGhM0Q2TVzEYiS026LfjcrNXTThS0=
github.com/xfong/go2opencl v0.0.0-20170404053003-cce8d3f0116d/go.mod h1:J6Y4Akra4KpzvaPgIc92elkeSpMm0hC9aAujx7zFMNo=
golang.org/x/crypto v0.22.0 h1:g1v0xeRhjcugydODzvb3mEM9SQ0HGp9s/nh3COQ/C30=
golang.org/x/crypto v0.22.0/go.mod h1:vr6Su+7cTlO45qkww3VDJlzDn0ctJvRgYbC2NvXHt+M=
golang.org/x/net v0.24.0 h1:1PcaxkF854Fu3+lvBIx5SYn9wRlBzzcnHZSiaFFAb0w=
golang.org/x/net v0.24.0/go.mod h1:2Q7sJY5mzlzWjKtYUEXSlBWCdyaioyXzRB2RtU8KVE8=
golang.org/x/sys v0.19.0 h1:q5f1RH2jigJ1MoAWp2KTp3gm5zAGFUTarQZ5U386+4o=
golang.org/x/sys v0.19.0/go.mod h1:/VUhepiaJMQUp4+oa/7Zr1D23ma6VTLIYjOOTFZPUcA=
