github.com/hacash/core v0.0.0-20240229072247-425d0f2cff5a h1:TZGOy0R16VvsNq70ThBS6qUxiVnLCexK/PP+FLFXCLg=
github.com/hacash/core v0.0.0-20240229072247-425d0f2cff5a/go.mod h1:gWuO4D8hawmWHa19g8YLtiYFKNZnMt+4cDTkm8bgQhE=
github.com/hacash/miner v0.1.20 h1:6U6ZRxmBZ1e0XCSGrG3w7r9HTBQn8AJNFu8pqjemKqs=
github.com/hacash/miner v0.1.20/go.mod h1:ObwJcBErXEgtlwK9RoyNEhbi2G49smfoRh7IwYoX8fc=
github.com/hacash/x16rs v0.0.0-20240313061053-337747f9cf21 h1:f2p01rgST1ogbFNRTPC7PKdOSKh2/EE1qkRNrGbxK2o=
github.com/hacash/x16rs v0.0.0-20240313061053-337747f9cf21/go.mod h1:METioMNJR2QDfUixmtpdBOsHoivFWY8R1JFwcQ9vlfk=
github.com/xfong/go2opencl v0.0.0-20170404053003-cce8d3f0116d h1:XM+9BbU8LmOoE2qGhM0Q2TVzEYiS026LfjcrNXTThS0=
github.com/xfong/go2opencl v0.0.0-20170404053003-cce8d3f0116d/go.mod h1:J6Y4Akra4KpzvaPgIc92elkeSpMm0hC9aAujx7zFMNo=
golang.org/x/crypto v0.23.0 h1:dIJU/v2J8Mdglj/8rJ6UUOM3Zc9zLZxVZwwxMooUSAI=
golang.org/x/crypto v0.23.0/go.mod h1:CKFgDieR+mRhux2Lsu27y0fO304Db0wZe70UKqHu0v8=
golang.org/x/sys v0.20.0 h1:Od9JTbYCk261bKm4M/mw7AklTlFYIa0bIp9BgSm1S8Y=
golang.org/x/sys v0.20.0/go.mod h1:/VUhepiaJMQUp4+oa/7Zr1D23ma6VTLIYjOOTFZPUcA=
